// !$*UTF8*$!
{
	archiveVersion = 1;
	classes = {
	};
	objectVersion = 42;
	objects = {

/* Begin PBXBuildFile section */
		84078F3E09E6B42E004E7BCD /* AGL.framework in Frameworks */ = {isa = PBXBuildFile; fileRef = 84078F3D09E6B42E004E7BCD /* AGL.framework */; };
		8407902B09E6B5BD004E7BCD /* QuickTime.framework in Frameworks */ = {isa = PBXBuildFile; fileRef = 8407902A09E6B5BD004E7BCD /* QuickTime.framework */; };
		84F30CED08FEAD7A0087E26C /* CoreAudio.framework in Frameworks */ = {isa = PBXBuildFile; fileRef = 84F30CEC08FEAD7A0087E26C /* CoreAudio.framework */; };
		84F30D9C08FEADDF0087E26C /* libjucedebug.a in Frameworks */ = {isa = PBXBuildFile; fileRef = 84F30CCF08FEAA8C0087E26C /* libjucedebug.a */; };
		8D0C4E8D0486CD37000505A6 /* InfoPlist.strings in Resources */ = {isa = PBXBuildFile; fileRef = 0867D6AAFE840B52C02AAC07 /* InfoPlist.strings */; };
		8D0C4E920486CD37000505A6 /* Carbon.framework in Frameworks */ = {isa = PBXBuildFile; fileRef = 20286C33FDCF999611CA2CEA /* Carbon.framework */; };
		95283BA90B6CF8D80058BA3F /* about.c in Sources */ = {isa = PBXBuildFile; fileRef = 95283B490B6CF8D80058BA3F /* about.c */; };
		95283BAA0B6CF8D80058BA3F /* AmplitudeToPhase.cpp in Sources */ = {isa = PBXBuildFile; fileRef = 95283B4A0B6CF8D80058BA3F /* AmplitudeToPhase.cpp */; };
		95283BAB0B6CF8D80058BA3F /* analysett.c in Sources */ = {isa = PBXBuildFile; fileRef = 95283B4C0B6CF8D80058BA3F /* analysett.c */; };
		95283BAC0B6CF8D80058BA3F /* ApplicationStartup.cpp in Sources */ = {isa = PBXBuildFile; fileRef = 95283B4D0B6CF8D80058BA3F /* ApplicationStartup.cpp */; };
		95283BAD0B6CF8D80058BA3F /* BlockSwap.cpp in Sources */ = {isa = PBXBuildFile; fileRef = 95283B4F0B6CF8D80058BA3F /* BlockSwap.cpp */; };
		95283BAE0B6CF8D80058BA3F /* c_interface.c in Sources */ = {isa = PBXBuildFile; fileRef = 95283B510B6CF8D80058BA3F /* c_interface.c */; };
		95283BAF0B6CF8D80058BA3F /* CombSplit.cpp in Sources */ = {isa = PBXBuildFile; fileRef = 95283B530B6CF8D80058BA3F /* CombSplit.cpp */; };
		95283BB00B6CF8D80058BA3F /* crossover.c in Sources */ = {isa = PBXBuildFile; fileRef = 95283B550B6CF8D80058BA3F /* crossover.c */; };
		95283BB10B6CF8D80058BA3F /* DasButtons.cpp in Sources */ = {isa = PBXBuildFile; fileRef = 95283B560B6CF8D80058BA3F /* DasButtons.cpp */; };
		95283BB20B6CF8D80058BA3F /* DerivativeAmp.cpp in Sources */ = {isa = PBXBuildFile; fileRef = 95283B590B6CF8D80058BA3F /* DerivativeAmp.cpp */; };
		95283BB30B6CF8D80058BA3F /* dummyplay.c in Sources */ = {isa = PBXBuildFile; fileRef = 95283B5B0B6CF8D80058BA3F /* dummyplay.c */; };
		95283BB40B6CF8D80058BA3F /* fft.c in Sources */ = {isa = PBXBuildFile; fileRef = 95283B5C0B6CF8D80058BA3F /* fft.c */; };
		95283BB50B6CF8D80058BA3F /* Filter.cpp in Sources */ = {isa = PBXBuildFile; fileRef = 95283B5D0B6CF8D80058BA3F /* Filter.cpp */; };
		95283BB60B6CF8D80058BA3F /* Gain.cpp in Sources */ = {isa = PBXBuildFile; fileRef = 95283B5F0B6CF8D80058BA3F /* Gain.cpp */; };
		95283BB70B6CF8D80058BA3F /* globals.c in Sources */ = {isa = PBXBuildFile; fileRef = 95283B610B6CF8D80058BA3F /* globals.c */; };
		95283BB80B6CF8D80058BA3F /* gui.cpp in Sources */ = {isa = PBXBuildFile; fileRef = 95283B630B6CF8D80058BA3F /* gui.cpp */; };
		95283BB90B6CF8D80058BA3F /* Interface.cpp in Sources */ = {isa = PBXBuildFile; fileRef = 95283B650B6CF8D80058BA3F /* Interface.cpp */; };
		95283BBA0B6CF8D80058BA3F /* Invert.cpp in Sources */ = {isa = PBXBuildFile; fileRef = 95283B670B6CF8D80058BA3F /* Invert.cpp */; };
		95283BBB0B6CF8D80058BA3F /* jackplay.c in Sources */ = {isa = PBXBuildFile; fileRef = 95283B690B6CF8D80058BA3F /* jackplay.c */; };
		95283BBC0B6CF8D80058BA3F /* juceplay.cpp in Sources */ = {isa = PBXBuildFile; fileRef = 95283B6B0B6CF8D80058BA3F /* juceplay.cpp */; };
		95283BBD0B6CF8D80058BA3F /* KeepPeaks.cpp in Sources */ = {isa = PBXBuildFile; fileRef = 95283B6D0B6CF8D80058BA3F /* KeepPeaks.cpp */; };
		95283BBE0B6CF8D80058BA3F /* load.c in Sources */ = {isa = PBXBuildFile; fileRef = 95283B6F0B6CF8D80058BA3F /* load.c */; };
		95283BBF0B6CF8D80058BA3F /* loadmult.c in Sources */ = {isa = PBXBuildFile; fileRef = 95283B700B6CF8D80058BA3F /* loadmult.c */; };
		95283BC00B6CF8D80058BA3F /* MainAppWindow.cpp in Sources */ = {isa = PBXBuildFile; fileRef = 95283B710B6CF8D80058BA3F /* MainAppWindow.cpp */; };
		95283BC40B6CF8D80058BA3F /* Mirror.cpp in Sources */ = {isa = PBXBuildFile; fileRef = 95283B790B6CF8D80058BA3F /* Mirror.cpp */; };
		95283BC50B6CF8D80058BA3F /* MultiplyPhase.cpp in Sources */ = {isa = PBXBuildFile; fileRef = 95283B7B0B6CF8D80058BA3F /* MultiplyPhase.cpp */; };
		95283BC60B6CF8D80058BA3F /* phaseswap.c in Sources */ = {isa = PBXBuildFile; fileRef = 95283B7E0B6CF8D80058BA3F /* phaseswap.c */; };
		95283BC70B6CF8D80058BA3F /* PictureHolder.cpp in Sources */ = {isa = PBXBuildFile; fileRef = 95283B7F0B6CF8D80058BA3F /* PictureHolder.cpp */; };
		95283BC80B6CF8D80058BA3F /* Progressbar.cpp in Sources */ = {isa = PBXBuildFile; fileRef = 95283B810B6CF8D80058BA3F /* Progressbar.cpp */; };
		95283BC90B6CF8D80058BA3F /* save.c in Sources */ = {isa = PBXBuildFile; fileRef = 95283B820B6CF8D80058BA3F /* save.c */; };
		95283BCB0B6CF8D80058BA3F /* SpectrumShift.cpp in Sources */ = {isa = PBXBuildFile; fileRef = 95283B850B6CF8D80058BA3F /* SpectrumShift.cpp */; };
		95283BCC0B6CF8D80058BA3F /* SplitRealImag.cpp in Sources */ = {isa = PBXBuildFile; fileRef = 95283B870B6CF8D80058BA3F /* SplitRealImag.cpp */; };
		95283BCD0B6CF8D80058BA3F /* Stereo.cpp in Sources */ = {isa = PBXBuildFile; fileRef = 95283B890B6CF8D80058BA3F /* Stereo.cpp */; };
		95283BCE0B6CF8D80058BA3F /* Stretch.cpp in Sources */ = {isa = PBXBuildFile; fileRef = 95283B8B0B6CF8D80058BA3F /* Stretch.cpp */; };
		95283BCF0B6CF8D80058BA3F /* tempfile.cpp in Sources */ = {isa = PBXBuildFile; fileRef = 95283B8D0B6CF8D80058BA3F /* tempfile.cpp */; };
		95283BD00B6CF8D80058BA3F /* Threshold.cpp in Sources */ = {isa = PBXBuildFile; fileRef = 95283B8F0B6CF8D80058BA3F /* Threshold.cpp */; };
		95283BD10B6CF8D80058BA3F /* t_ampphas.c in Sources */ = {isa = PBXBuildFile; fileRef = 95283B930B6CF8D80058BA3F /* t_ampphas.c */; };
		95283BD20B6CF8D80058BA3F /* t_blockmov.c in Sources */ = {isa = PBXBuildFile; fileRef = 95283B940B6CF8D80058BA3F /* t_blockmov.c */; };
		95283BD30B6CF8D80058BA3F /* t_combsplit.c in Sources */ = {isa = PBXBuildFile; fileRef = 95283B950B6CF8D80058BA3F /* t_combsplit.c */; };
		95283BD40B6CF8D80058BA3F /* t_filter.c in Sources */ = {isa = PBXBuildFile; fileRef = 95283B960B6CF8D80058BA3F /* t_filter.c */; };
		95283BD50B6CF8D80058BA3F /* t_gain.c in Sources */ = {isa = PBXBuildFile; fileRef = 95283B970B6CF8D80058BA3F /* t_gain.c */; };
		95283BD60B6CF8D80058BA3F /* t_invert.c in Sources */ = {isa = PBXBuildFile; fileRef = 95283B980B6CF8D80058BA3F /* t_invert.c */; };
		95283BD70B6CF8D80058BA3F /* t_mirror.c in Sources */ = {isa = PBXBuildFile; fileRef = 95283B990B6CF8D80058BA3F /* t_mirror.c */; };
		95283BD80B6CF8D80058BA3F /* t_pderiv.c in Sources */ = {isa = PBXBuildFile; fileRef = 95283B9A0B6CF8D80058BA3F /* t_pderiv.c */; };
		95283BD90B6CF8D80058BA3F /* t_peaks.c in Sources */ = {isa = PBXBuildFile; fileRef = 95283B9B0B6CF8D80058BA3F /* t_peaks.c */; };
		95283BDA0B6CF8D80058BA3F /* t_phadd.c in Sources */ = {isa = PBXBuildFile; fileRef = 95283B9C0B6CF8D80058BA3F /* t_phadd.c */; };
		95283BDB0B6CF8D80058BA3F /* t_reimsplit.c in Sources */ = {isa = PBXBuildFile; fileRef = 95283B9D0B6CF8D80058BA3F /* t_reimsplit.c */; };
		95283BDC0B6CF8D80058BA3F /* t_sshift.c in Sources */ = {isa = PBXBuildFile; fileRef = 95283B9E0B6CF8D80058BA3F /* t_sshift.c */; };
		95283BDD0B6CF8D80058BA3F /* t_stretch.c in Sources */ = {isa = PBXBuildFile; fileRef = 95283B9F0B6CF8D80058BA3F /* t_stretch.c */; };
		95283BDE0B6CF8D80058BA3F /* t_threshold.c in Sources */ = {isa = PBXBuildFile; fileRef = 95283BA00B6CF8D80058BA3F /* t_threshold.c */; };
		95283BDF0B6CF8D80058BA3F /* t_wobble.c in Sources */ = {isa = PBXBuildFile; fileRef = 95283BA10B6CF8D80058BA3F /* t_wobble.c */; };
		95283BE00B6CF8D80058BA3F /* undo.c in Sources */ = {isa = PBXBuildFile; fileRef = 95283BA30B6CF8D80058BA3F /* undo.c */; };
		95283BE10B6CF8D80058BA3F /* Wobble.cpp in Sources */ = {isa = PBXBuildFile; fileRef = 95283BA50B6CF8D80058BA3F /* Wobble.cpp */; };
		95283BE20B6CF8D80058BA3F /* Zoom.cpp in Sources */ = {isa = PBXBuildFile; fileRef = 95283BA70B6CF8D80058BA3F /* Zoom.cpp */; };
		95283C060B6CF9A60058BA3F /* samplerate.o in Frameworks */ = {isa = PBXBuildFile; fileRef = 95283C020B6CF9A60058BA3F /* samplerate.o */; };
		95283C070B6CF9A60058BA3F /* src_linear.o in Frameworks */ = {isa = PBXBuildFile; fileRef = 95283C030B6CF9A60058BA3F /* src_linear.o */; };
		95283C080B6CF9A60058BA3F /* src_sinc.o in Frameworks */ = {isa = PBXBuildFile; fileRef = 95283C040B6CF9A60058BA3F /* src_sinc.o */; };
		95283C0B0B6CFA1F0058BA3F /* src_zoh.o in Frameworks */ = {isa = PBXBuildFile; fileRef = 95283C0A0B6CFA1F0058BA3F /* src_zoh.o */; };
		9566CF710B6AF8DF001079B8 /* libsndfile.a in Frameworks */ = {isa = PBXBuildFile; fileRef = 9566CF700B6AF8DF001079B8 /* libsndfile.a */; };
		9566CF760B6AF932001079B8 /* CoreMIDI.framework in Frameworks */ = {isa = PBXBuildFile; fileRef = 9566CF750B6AF931001079B8 /* CoreMIDI.framework */; };
		9566CF7A0B6AF942001079B8 /* IOKit.framework in Frameworks */ = {isa = PBXBuildFile; fileRef = 9566CF790B6AF942001079B8 /* IOKit.framework */; };
/* End PBXBuildFile section */

/* Begin PBXContainerItemProxy section */
		84F30CCE08FEAA8C0087E26C /* PBXContainerItemProxy */ = {
			isa = PBXContainerItemProxy;
			containerPortal = 84F30CCA08FEAA8C0087E26C /* Juce.xcodeproj */;
			proxyType = 2;
			remoteGlobalIDString = D2AAC046055464E500DB518D;
			remoteInfo = Juce;
		};
		84F30CE708FEAB690087E26C /* PBXContainerItemProxy */ = {
			isa = PBXContainerItemProxy;
			containerPortal = 84F30CCA08FEAA8C0087E26C /* Juce.xcodeproj */;
			proxyType = 1;
			remoteGlobalIDString = D2AAC045055464E500DB518D;
			remoteInfo = Juce;
		};
/* End PBXContainerItemProxy section */

/* Begin PBXFileReference section */
		0867D6ABFE840B52C02AAC07 /* English */ = {isa = PBXFileReference; fileEncoding = 10; lastKnownFileType = text.plist.strings; name = English; path = English.lproj/InfoPlist.strings; sourceTree = "<group>"; };
		20286C33FDCF999611CA2CEA /* Carbon.framework */ = {isa = PBXFileReference; lastKnownFileType = wrapper.framework; name = Carbon.framework; path = /System/Library/Frameworks/Carbon.framework; sourceTree = "<absolute>"; };
		4A9504C8FFE6A3BC11CA0CBA /* ApplicationServices.framework */ = {isa = PBXFileReference; lastKnownFileType = wrapper.framework; name = ApplicationServices.framework; path = /System/Library/Frameworks/ApplicationServices.framework; sourceTree = "<absolute>"; };
		4A9504CAFFE6A41611CA0CBA /* CoreServices.framework */ = {isa = PBXFileReference; lastKnownFileType = wrapper.framework; name = CoreServices.framework; path = /System/Library/Frameworks/CoreServices.framework; sourceTree = "<absolute>"; };
		84078F3D09E6B42E004E7BCD /* AGL.framework */ = {isa = PBXFileReference; lastKnownFileType = wrapper.framework; name = AGL.framework; path = /System/Library/Frameworks/AGL.framework; sourceTree = "<absolute>"; };
		8407902A09E6B5BD004E7BCD /* QuickTime.framework */ = {isa = PBXFileReference; lastKnownFileType = wrapper.framework; name = QuickTime.framework; path = /System/Library/Frameworks/QuickTime.framework; sourceTree = "<absolute>"; };
		84F30CCA08FEAA8C0087E26C /* Juce.xcodeproj */ = {isa = PBXFileReference; lastKnownFileType = "wrapper.pb-project"; name = Juce.xcodeproj; path = ../../juce/build/macosx/Juce.xcodeproj; sourceTree = SOURCE_ROOT; };
		84F30CEC08FEAD7A0087E26C /* CoreAudio.framework */ = {isa = PBXFileReference; lastKnownFileType = wrapper.framework; name = CoreAudio.framework; path = /System/Library/Frameworks/CoreAudio.framework; sourceTree = "<absolute>"; };
		8D0C4E960486CD37000505A6 /* Info.plist */ = {isa = PBXFileReference; fileEncoding = 4; lastKnownFileType = text.plist; path = Info.plist; sourceTree = "<group>"; };
		8D0C4E970486CD37000505A6 /* mammut.app */ = {isa = PBXFileReference; explicitFileType = wrapper.application; includeInIndex = 0; path = mammut.app; sourceTree = BUILT_PRODUCTS_DIR; };
		95283B490B6CF8D80058BA3F /* about.c */ = {isa = PBXFileReference; fileEncoding = 30; lastKnownFileType = sourcecode.c.c; path = about.c; sourceTree = "<group>"; };
		95283B4A0B6CF8D80058BA3F /* AmplitudeToPhase.cpp */ = {isa = PBXFileReference; fileEncoding = 30; lastKnownFileType = sourcecode.cpp.cpp; path = AmplitudeToPhase.cpp; sourceTree = "<group>"; };
		95283B4B0B6CF8D80058BA3F /* AmplitudeToPhase.h */ = {isa = PBXFileReference; fileEncoding = 30; lastKnownFileType = sourcecode.c.h; path = AmplitudeToPhase.h; sourceTree = "<group>"; };
		95283B4C0B6CF8D80058BA3F /* analysett.c */ = {isa = PBXFileReference; fileEncoding = 30; lastKnownFileType = sourcecode.c.c; path = analysett.c; sourceTree = "<group>"; };
		95283B4D0B6CF8D80058BA3F /* ApplicationStartup.cpp */ = {isa = PBXFileReference; fileEncoding = 30; lastKnownFileType = sourcecode.cpp.cpp; path = ApplicationStartup.cpp; sourceTree = "<group>"; };
		95283B4E0B6CF8D80058BA3F /* AppSettings.h */ = {isa = PBXFileReference; fileEncoding = 30; lastKnownFileType = sourcecode.c.h; path = AppSettings.h; sourceTree = "<group>"; };
		95283B4F0B6CF8D80058BA3F /* BlockSwap.cpp */ = {isa = PBXFileReference; fileEncoding = 30; lastKnownFileType = sourcecode.cpp.cpp; path = BlockSwap.cpp; sourceTree = "<group>"; };
		95283B500B6CF8D80058BA3F /* BlockSwap.h */ = {isa = PBXFileReference; fileEncoding = 30; lastKnownFileType = sourcecode.c.h; path = BlockSwap.h; sourceTree = "<group>"; };
		95283B510B6CF8D80058BA3F /* c_interface.c */ = {isa = PBXFileReference; fileEncoding = 30; lastKnownFileType = sourcecode.c.c; path = c_interface.c; sourceTree = "<group>"; };
		95283B520B6CF8D80058BA3F /* c_interface.h */ = {isa = PBXFileReference; fileEncoding = 30; lastKnownFileType = sourcecode.c.h; path = c_interface.h; sourceTree = "<group>"; };
		95283B530B6CF8D80058BA3F /* CombSplit.cpp */ = {isa = PBXFileReference; fileEncoding = 30; lastKnownFileType = sourcecode.cpp.cpp; path = CombSplit.cpp; sourceTree = "<group>"; };
		95283B540B6CF8D80058BA3F /* CombSplit.h */ = {isa = PBXFileReference; fileEncoding = 30; lastKnownFileType = sourcecode.c.h; path = CombSplit.h; sourceTree = "<group>"; };
		95283B550B6CF8D80058BA3F /* crossover.c */ = {isa = PBXFileReference; fileEncoding = 30; lastKnownFileType = sourcecode.c.c; path = crossover.c; sourceTree = "<group>"; };
		95283B560B6CF8D80058BA3F /* DasButtons.cpp */ = {isa = PBXFileReference; fileEncoding = 30; lastKnownFileType = sourcecode.cpp.cpp; path = DasButtons.cpp; sourceTree = "<group>"; };
		95283B570B6CF8D80058BA3F /* DasButtons.h */ = {isa = PBXFileReference; fileEncoding = 30; lastKnownFileType = sourcecode.c.h; path = DasButtons.h; sourceTree = "<group>"; };
		95283B580B6CF8D80058BA3F /* DasTabbedComponent.h */ = {isa = PBXFileReference; fileEncoding = 30; lastKnownFileType = sourcecode.c.h; path = DasTabbedComponent.h; sourceTree = "<group>"; };
		95283B590B6CF8D80058BA3F /* DerivativeAmp.cpp */ = {isa = PBXFileReference; fileEncoding = 30; lastKnownFileType = sourcecode.cpp.cpp; path = DerivativeAmp.cpp; sourceTree = "<group>"; };
		95283B5A0B6CF8D80058BA3F /* DerivativeAmp.h */ = {isa = PBXFileReference; fileEncoding = 30; lastKnownFileType = sourcecode.c.h; path = DerivativeAmp.h; sourceTree = "<group>"; };
		95283B5B0B6CF8D80058BA3F /* dummyplay.c */ = {isa = PBXFileReference; fileEncoding = 30; lastKnownFileType = sourcecode.c.c; path = dummyplay.c; sourceTree = "<group>"; };
		95283B5C0B6CF8D80058BA3F /* fft.c */ = {isa = PBXFileReference; fileEncoding = 30; lastKnownFileType = sourcecode.c.c; path = fft.c; sourceTree = "<group>"; };
		95283B5D0B6CF8D80058BA3F /* Filter.cpp */ = {isa = PBXFileReference; fileEncoding = 30; lastKnownFileType = sourcecode.cpp.cpp; path = Filter.cpp; sourceTree = "<group>"; };
		95283B5E0B6CF8D80058BA3F /* Filter.h */ = {isa = PBXFileReference; fileEncoding = 30; lastKnownFileType = sourcecode.c.h; path = Filter.h; sourceTree = "<group>"; };
		95283B5F0B6CF8D80058BA3F /* Gain.cpp */ = {isa = PBXFileReference; fileEncoding = 30; lastKnownFileType = sourcecode.cpp.cpp; path = Gain.cpp; sourceTree = "<group>"; };
		95283B600B6CF8D80058BA3F /* Gain.h */ = {isa = PBXFileReference; fileEncoding = 30; lastKnownFileType = sourcecode.c.h; path = Gain.h; sourceTree = "<group>"; };
		95283B610B6CF8D80058BA3F /* globals.c */ = {isa = PBXFileReference; fileEncoding = 30; lastKnownFileType = sourcecode.c.c; path = globals.c; sourceTree = "<group>"; };
		95283B620B6CF8D80058BA3F /* GraphComponent.h */ = {isa = PBXFileReference; fileEncoding = 30; lastKnownFileType = sourcecode.c.h; path = GraphComponent.h; sourceTree = "<group>"; };
		95283B630B6CF8D80058BA3F /* gui.cpp */ = {isa = PBXFileReference; fileEncoding = 30; lastKnownFileType = sourcecode.cpp.cpp; path = gui.cpp; sourceTree = "<group>"; };
		95283B640B6CF8D80058BA3F /* gui.h */ = {isa = PBXFileReference; fileEncoding = 30; lastKnownFileType = sourcecode.c.h; path = gui.h; sourceTree = "<group>"; };
		95283B650B6CF8D80058BA3F /* Interface.cpp */ = {isa = PBXFileReference; fileEncoding = 30; lastKnownFileType = sourcecode.cpp.cpp; path = Interface.cpp; sourceTree = "<group>"; };
		95283B660B6CF8D80058BA3F /* Interface.h */ = {isa = PBXFileReference; fileEncoding = 30; lastKnownFileType = sourcecode.c.h; path = Interface.h; sourceTree = "<group>"; };
		95283B670B6CF8D80058BA3F /* Invert.cpp */ = {isa = PBXFileReference; fileEncoding = 30; lastKnownFileType = sourcecode.cpp.cpp; path = Invert.cpp; sourceTree = "<group>"; };
		95283B680B6CF8D80058BA3F /* Invert.h */ = {isa = PBXFileReference; fileEncoding = 30; lastKnownFileType = sourcecode.c.h; path = Invert.h; sourceTree = "<group>"; };
		95283B690B6CF8D80058BA3F /* jackplay.c */ = {isa = PBXFileReference; fileEncoding = 30; lastKnownFileType = sourcecode.c.c; path = jackplay.c; sourceTree = "<group>"; };
		95283B6A0B6CF8D80058BA3F /* jackplay.h */ = {isa = PBXFileReference; fileEncoding = 30; lastKnownFileType = sourcecode.c.h; path = jackplay.h; sourceTree = "<group>"; };
		95283B6B0B6CF8D80058BA3F /* juceplay.cpp */ = {isa = PBXFileReference; fileEncoding = 30; lastKnownFileType = sourcecode.cpp.cpp; path = juceplay.cpp; sourceTree = "<group>"; };
		95283B6C0B6CF8D80058BA3F /* juceplay.h */ = {isa = PBXFileReference; fileEncoding = 30; lastKnownFileType = sourcecode.c.h; path = juceplay.h; sourceTree = "<group>"; };
		95283B6D0B6CF8D80058BA3F /* KeepPeaks.cpp */ = {isa = PBXFileReference; fileEncoding = 30; lastKnownFileType = sourcecode.cpp.cpp; path = KeepPeaks.cpp; sourceTree = "<group>"; };
		95283B6E0B6CF8D80058BA3F /* KeepPeaks.h */ = {isa = PBXFileReference; fileEncoding = 30; lastKnownFileType = sourcecode.c.h; path = KeepPeaks.h; sourceTree = "<group>"; };
		95283B6F0B6CF8D80058BA3F /* load.c */ = {isa = PBXFileReference; fileEncoding = 30; lastKnownFileType = sourcecode.c.c; path = load.c; sourceTree = "<group>"; };
		95283B700B6CF8D80058BA3F /* loadmult.c */ = {isa = PBXFileReference; fileEncoding = 30; lastKnownFileType = sourcecode.c.c; path = loadmult.c; sourceTree = "<group>"; };
		95283B710B6CF8D80058BA3F /* MainAppWindow.cpp */ = {isa = PBXFileReference; fileEncoding = 30; lastKnownFileType = sourcecode.cpp.cpp; path = MainAppWindow.cpp; sourceTree = "<group>"; };
		95283B720B6CF8D80058BA3F /* MainAppWindow.h */ = {isa = PBXFileReference; fileEncoding = 30; lastKnownFileType = sourcecode.c.h; path = MainAppWindow.h; sourceTree = "<group>"; };
		95283B730B6CF8D80058BA3F /* MainComponent.h */ = {isa = PBXFileReference; fileEncoding = 30; lastKnownFileType = sourcecode.c.h; path = MainComponent.h; sourceTree = "<group>"; };
		95283B740B6CF8D80058BA3F /* MainHeader.h */ = {isa = PBXFileReference; fileEncoding = 30; lastKnownFileType = sourcecode.c.h; path = MainHeader.h; sourceTree = "<group>"; };
		95283B780B6CF8D80058BA3F /* mammut.h */ = {isa = PBXFileReference; fileEncoding = 30; lastKnownFileType = sourcecode.c.h; path = mammut.h; sourceTree = "<group>"; };
		95283B790B6CF8D80058BA3F /* Mirror.cpp */ = {isa = PBXFileReference; fileEncoding = 30; lastKnownFileType = sourcecode.cpp.cpp; path = Mirror.cpp; sourceTree = "<group>"; };
		95283B7A0B6CF8D80058BA3F /* Mirror.h */ = {isa = PBXFileReference; fileEncoding = 30; lastKnownFileType = sourcecode.c.h; path = Mirror.h; sourceTree = "<group>"; };
		95283B7B0B6CF8D80058BA3F /* MultiplyPhase.cpp */ = {isa = PBXFileReference; fileEncoding = 30; lastKnownFileType = sourcecode.cpp.cpp; path = MultiplyPhase.cpp; sourceTree = "<group>"; };
		95283B7C0B6CF8D80058BA3F /* MultiplyPhase.h */ = {isa = PBXFileReference; fileEncoding = 30; lastKnownFileType = sourcecode.c.h; path = MultiplyPhase.h; sourceTree = "<group>"; };
		95283B7D0B6CF8D80058BA3F /* mysndfile.h */ = {isa = PBXFileReference; fileEncoding = 30; lastKnownFileType = sourcecode.c.h; path = mysndfile.h; sourceTree = "<group>"; };
		95283B7E0B6CF8D80058BA3F /* phaseswap.c */ = {isa = PBXFileReference; fileEncoding = 30; lastKnownFileType = sourcecode.c.c; path = phaseswap.c; sourceTree = "<group>"; };
		95283B7F0B6CF8D80058BA3F /* PictureHolder.cpp */ = {isa = PBXFileReference; fileEncoding = 30; lastKnownFileType = sourcecode.cpp.cpp; path = PictureHolder.cpp; sourceTree = "<group>"; };
		95283B800B6CF8D80058BA3F /* PictureHolder.h */ = {isa = PBXFileReference; fileEncoding = 30; lastKnownFileType = sourcecode.c.h; path = PictureHolder.h; sourceTree = "<group>"; };
		95283B810B6CF8D80058BA3F /* Progressbar.cpp */ = {isa = PBXFileReference; fileEncoding = 30; lastKnownFileType = sourcecode.cpp.cpp; path = Progressbar.cpp; sourceTree = "<group>"; };
		95283B820B6CF8D80058BA3F /* save.c */ = {isa = PBXFileReference; fileEncoding = 30; lastKnownFileType = sourcecode.c.c; path = save.c; sourceTree = "<group>"; };
		95283B840B6CF8D80058BA3F /* soundholder.h */ = {isa = PBXFileReference; fileEncoding = 30; lastKnownFileType = sourcecode.c.h; path = soundholder.h; sourceTree = "<group>"; };
		95283B850B6CF8D80058BA3F /* SpectrumShift.cpp */ = {isa = PBXFileReference; fileEncoding = 30; lastKnownFileType = sourcecode.cpp.cpp; path = SpectrumShift.cpp; sourceTree = "<group>"; };
		95283B860B6CF8D80058BA3F /* SpectrumShift.h */ = {isa = PBXFileReference; fileEncoding = 30; lastKnownFileType = sourcecode.c.h; path = SpectrumShift.h; sourceTree = "<group>"; };
		95283B870B6CF8D80058BA3F /* SplitRealImag.cpp */ = {isa = PBXFileReference; fileEncoding = 30; lastKnownFileType = sourcecode.cpp.cpp; path = SplitRealImag.cpp; sourceTree = "<group>"; };
		95283B880B6CF8D80058BA3F /* SplitRealImag.h */ = {isa = PBXFileReference; fileEncoding = 30; lastKnownFileType = sourcecode.c.h; path = SplitRealImag.h; sourceTree = "<group>"; };
		95283B890B6CF8D80058BA3F /* Stereo.cpp */ = {isa = PBXFileReference; fileEncoding = 30; lastKnownFileType = sourcecode.cpp.cpp; path = Stereo.cpp; sourceTree = "<group>"; };
		95283B8A0B6CF8D80058BA3F /* Stereo.h */ = {isa = PBXFileReference; fileEncoding = 30; lastKnownFileType = sourcecode.c.h; path = Stereo.h; sourceTree = "<group>"; };
		95283B8B0B6CF8D80058BA3F /* Stretch.cpp */ = {isa = PBXFileReference; fileEncoding = 30; lastKnownFileType = sourcecode.cpp.cpp; path = Stretch.cpp; sourceTree = "<group>"; };
		95283B8C0B6CF8D80058BA3F /* Stretch.h */ = {isa = PBXFileReference; fileEncoding = 30; lastKnownFileType = sourcecode.c.h; path = Stretch.h; sourceTree = "<group>"; };
		95283B8D0B6CF8D80058BA3F /* tempfile.cpp */ = {isa = PBXFileReference; fileEncoding = 30; lastKnownFileType = sourcecode.cpp.cpp; path = tempfile.cpp; sourceTree = "<group>"; };
		95283B8E0B6CF8D80058BA3F /* tempfile.h */ = {isa = PBXFileReference; fileEncoding = 30; lastKnownFileType = sourcecode.c.h; path = tempfile.h; sourceTree = "<group>"; };
		95283B8F0B6CF8D80058BA3F /* Threshold.cpp */ = {isa = PBXFileReference; fileEncoding = 30; lastKnownFileType = sourcecode.cpp.cpp; path = Threshold.cpp; sourceTree = "<group>"; };
		95283B900B6CF8D80058BA3F /* Threshold.h */ = {isa = PBXFileReference; fileEncoding = 30; lastKnownFileType = sourcecode.c.h; path = Threshold.h; sourceTree = "<group>"; };
		95283B920B6CF8D80058BA3F /* mammut.h */ = {isa = PBXFileReference; fileEncoding = 30; lastKnownFileType = sourcecode.c.h; path = mammut.h; sourceTree = "<group>"; };
		95283B930B6CF8D80058BA3F /* t_ampphas.c */ = {isa = PBXFileReference; fileEncoding = 30; lastKnownFileType = sourcecode.c.c; path = t_ampphas.c; sourceTree = "<group>"; };
		95283B940B6CF8D80058BA3F /* t_blockmov.c */ = {isa = PBXFileReference; fileEncoding = 30; lastKnownFileType = sourcecode.c.c; path = t_blockmov.c; sourceTree = "<group>"; };
		95283B950B6CF8D80058BA3F /* t_combsplit.c */ = {isa = PBXFileReference; fileEncoding = 30; lastKnownFileType = sourcecode.c.c; path = t_combsplit.c; sourceTree = "<group>"; };
		95283B960B6CF8D80058BA3F /* t_filter.c */ = {isa = PBXFileReference; fileEncoding = 30; lastKnownFileType = sourcecode.c.c; path = t_filter.c; sourceTree = "<group>"; };
		95283B970B6CF8D80058BA3F /* t_gain.c */ = {isa = PBXFileReference; fileEncoding = 30; lastKnownFileType = sourcecode.c.c; path = t_gain.c; sourceTree = "<group>"; };
		95283B980B6CF8D80058BA3F /* t_invert.c */ = {isa = PBXFileReference; fileEncoding = 30; lastKnownFileType = sourcecode.c.c; path = t_invert.c; sourceTree = "<group>"; };
		95283B990B6CF8D80058BA3F /* t_mirror.c */ = {isa = PBXFileReference; fileEncoding = 30; lastKnownFileType = sourcecode.c.c; path = t_mirror.c; sourceTree = "<group>"; };
		95283B9A0B6CF8D80058BA3F /* t_pderiv.c */ = {isa = PBXFileReference; fileEncoding = 30; lastKnownFileType = sourcecode.c.c; path = t_pderiv.c; sourceTree = "<group>"; };
		95283B9B0B6CF8D80058BA3F /* t_peaks.c */ = {isa = PBXFileReference; fileEncoding = 30; lastKnownFileType = sourcecode.c.c; path = t_peaks.c; sourceTree = "<group>"; };
		95283B9C0B6CF8D80058BA3F /* t_phadd.c */ = {isa = PBXFileReference; fileEncoding = 30; lastKnownFileType = sourcecode.c.c; path = t_phadd.c; sourceTree = "<group>"; };
		95283B9D0B6CF8D80058BA3F /* t_reimsplit.c */ = {isa = PBXFileReference; fileEncoding = 30; lastKnownFileType = sourcecode.c.c; path = t_reimsplit.c; sourceTree = "<group>"; };
		95283B9E0B6CF8D80058BA3F /* t_sshift.c */ = {isa = PBXFileReference; fileEncoding = 30; lastKnownFileType = sourcecode.c.c; path = t_sshift.c; sourceTree = "<group>"; };
		95283B9F0B6CF8D80058BA3F /* t_stretch.c */ = {isa = PBXFileReference; fileEncoding = 30; lastKnownFileType = sourcecode.c.c; path = t_stretch.c; sourceTree = "<group>"; };
		95283BA00B6CF8D80058BA3F /* t_threshold.c */ = {isa = PBXFileReference; fileEncoding = 30; lastKnownFileType = sourcecode.c.c; path = t_threshold.c; sourceTree = "<group>"; };
		95283BA10B6CF8D80058BA3F /* t_wobble.c */ = {isa = PBXFileReference; fileEncoding = 30; lastKnownFileType = sourcecode.c.c; path = t_wobble.c; sourceTree = "<group>"; };
		95283BA20B6CF8D80058BA3F /* transformheader.h */ = {isa = PBXFileReference; fileEncoding = 30; lastKnownFileType = sourcecode.c.h; path = transformheader.h; sourceTree = "<group>"; };
		95283BA30B6CF8D80058BA3F /* undo.c */ = {isa = PBXFileReference; fileEncoding = 30; lastKnownFileType = sourcecode.c.c; path = undo.c; sourceTree = "<group>"; };
		95283BA40B6CF8D80058BA3F /* undo.h */ = {isa = PBXFileReference; fileEncoding = 30; lastKnownFileType = sourcecode.c.h; path = undo.h; sourceTree = "<group>"; };
		95283BA50B6CF8D80058BA3F /* Wobble.cpp */ = {isa = PBXFileReference; fileEncoding = 30; lastKnownFileType = sourcecode.cpp.cpp; path = Wobble.cpp; sourceTree = "<group>"; };
		95283BA60B6CF8D80058BA3F /* Wobble.h */ = {isa = PBXFileReference; fileEncoding = 30; lastKnownFileType = sourcecode.c.h; path = Wobble.h; sourceTree = "<group>"; };
		95283BA70B6CF8D80058BA3F /* Zoom.cpp */ = {isa = PBXFileReference; fileEncoding = 30; lastKnownFileType = sourcecode.cpp.cpp; path = Zoom.cpp; sourceTree = "<group>"; };
		95283BA80B6CF8D80058BA3F /* Zoom.h */ = {isa = PBXFileReference; fileEncoding = 30; lastKnownFileType = sourcecode.c.h; path = Zoom.h; sourceTree = "<group>"; };
		95283BEC0B6CF9540058BA3F /* samplerate.h */ = {isa = PBXFileReference; fileEncoding = 30; lastKnownFileType = sourcecode.c.h; name = samplerate.h; path = "../../../../libsamplerate-0.1.2/src/samplerate.h"; sourceTree = SOURCE_ROOT; };
		95283C020B6CF9A60058BA3F /* samplerate.o */ = {isa = PBXFileReference; lastKnownFileType = "compiled.mach-o.objfile"; name = samplerate.o; path = "../../../../libsamplerate-0.1.2/src/.libs/samplerate.o"; sourceTree = SOURCE_ROOT; };
		95283C030B6CF9A60058BA3F /* src_linear.o */ = {isa = PBXFileReference; lastKnownFileType = "compiled.mach-o.objfile"; name = src_linear.o; path = "../../../../libsamplerate-0.1.2/src/.libs/src_linear.o"; sourceTree = SOURCE_ROOT; };
		95283C040B6CF9A60058BA3F /* src_sinc.o */ = {isa = PBXFileReference; lastKnownFileType = "compiled.mach-o.objfile"; name = src_sinc.o; path = "../../../../libsamplerate-0.1.2/src/.libs/src_sinc.o"; sourceTree = SOURCE_ROOT; };
		95283C0A0B6CFA1F0058BA3F /* src_zoh.o */ = {isa = PBXFileReference; lastKnownFileType = "compiled.mach-o.objfile"; name = src_zoh.o; path = "../../../../libsamplerate-0.1.2/src/.libs/src_zoh.o"; sourceTree = SOURCE_ROOT; };
		9566CF030B6AEEEB001079B8 /* sndfile.h */ = {isa = PBXFileReference; fileEncoding = 30; lastKnownFileType = sourcecode.c.h; name = sndfile.h; path = /sw/include/sndfile.h; sourceTree = "<absolute>"; };
		9566CF080B6AEF61001079B8 /* juce.h */ = {isa = PBXFileReference; fileEncoding = 30; lastKnownFileType = sourcecode.c.h; name = juce.h; path = ../../juce/juce.h; sourceTree = SOURCE_ROOT; };
		9566CF700B6AF8DF001079B8 /* libsndfile.a */ = {isa = PBXFileReference; lastKnownFileType = archive.ar; name = libsndfile.a; path = /sw/lib/libsndfile.a; sourceTree = "<absolute>"; };
		9566CF750B6AF931001079B8 /* CoreMIDI.framework */ = {isa = PBXFileReference; lastKnownFileType = wrapper.framework; name = CoreMIDI.framework; path = /System/Library/Frameworks/CoreMIDI.framework; sourceTree = "<absolute>"; };
		9566CF790B6AF942001079B8 /* IOKit.framework */ = {isa = PBXFileReference; lastKnownFileType = wrapper.framework; name = IOKit.framework; path = /System/Library/Frameworks/IOKit.framework; sourceTree = "<absolute>"; };
/* End PBXFileReference section */

/* Begin PBXFrameworksBuildPhase section */
		8D0C4E910486CD37000505A6 /* Frameworks */ = {
			isa = PBXFrameworksBuildPhase;
			buildActionMask = 2147483647;
			files = (
				84F30D9C08FEADDF0087E26C /* libjucedebug.a in Frameworks */,
				8D0C4E920486CD37000505A6 /* Carbon.framework in Frameworks */,
				84F30CED08FEAD7A0087E26C /* CoreAudio.framework in Frameworks */,
				84078F3E09E6B42E004E7BCD /* AGL.framework in Frameworks */,
				8407902B09E6B5BD004E7BCD /* QuickTime.framework in Frameworks */,
				9566CF710B6AF8DF001079B8 /* libsndfile.a in Frameworks */,
				9566CF760B6AF932001079B8 /* CoreMIDI.framework in Frameworks */,
				9566CF7A0B6AF942001079B8 /* IOKit.framework in Frameworks */,
				95283C060B6CF9A60058BA3F /* samplerate.o in Frameworks */,
				95283C070B6CF9A60058BA3F /* src_linear.o in Frameworks */,
				95283C080B6CF9A60058BA3F /* src_sinc.o in Frameworks */,
				95283C0B0B6CFA1F0058BA3F /* src_zoh.o in Frameworks */,
			);
			runOnlyForDeploymentPostprocessing = 0;
		};
/* End PBXFrameworksBuildPhase section */

/* Begin PBXGroup section */
		195DF8CFFE9D517E11CA2CBB /* Products */ = {
			isa = PBXGroup;
			children = (
				8D0C4E970486CD37000505A6 /* mammut.app */,
			);
			name = Products;
			sourceTree = "<group>";
		};
		20286C29FDCF999611CA2CEA /* mammut */ = {
			isa = PBXGroup;
			children = (
				20286C2AFDCF999611CA2CEA /* Sources */,
				20286C2CFDCF999611CA2CEA /* Resources */,
				20286C32FDCF999611CA2CEA /* External Frameworks and Libraries */,
				195DF8CFFE9D517E11CA2CBB /* Products */,
			);
			name = mammut;
			sourceTree = "<group>";
		};
		20286C2AFDCF999611CA2CEA /* Sources */ = {
			isa = PBXGroup;
			children = (
				95283B480B6CF8D80058BA3F /* src */,
			);
			name = Sources;
			sourceTree = "<group>";
		};
		20286C2CFDCF999611CA2CEA /* Resources */ = {
			isa = PBXGroup;
			children = (
				95283BEC0B6CF9540058BA3F /* samplerate.h */,
				9566CF080B6AEF61001079B8 /* juce.h */,
				8D0C4E960486CD37000505A6 /* Info.plist */,
				0867D6AAFE840B52C02AAC07 /* InfoPlist.strings */,
				9566CF030B6AEEEB001079B8 /* sndfile.h */,
			);
			name = Resources;
			sourceTree = "<group>";
		};
		20286C32FDCF999611CA2CEA /* External Frameworks and Libraries */ = {
			isa = PBXGroup;
			children = (
				95283C0A0B6CFA1F0058BA3F /* src_zoh.o */,
				95283C020B6CF9A60058BA3F /* samplerate.o */,
				95283C030B6CF9A60058BA3F /* src_linear.o */,
				95283C040B6CF9A60058BA3F /* src_sinc.o */,
				9566CF790B6AF942001079B8 /* IOKit.framework */,
				9566CF750B6AF931001079B8 /* CoreMIDI.framework */,
				9566CF700B6AF8DF001079B8 /* libsndfile.a */,
				84F30CCA08FEAA8C0087E26C /* Juce.xcodeproj */,
				20286C33FDCF999611CA2CEA /* Carbon.framework */,
				4A9504CAFFE6A41611CA0CBA /* CoreServices.framework */,
				84F30CEC08FEAD7A0087E26C /* CoreAudio.framework */,
				4A9504C8FFE6A3BC11CA0CBA /* ApplicationServices.framework */,
				84078F3D09E6B42E004E7BCD /* AGL.framework */,
				8407902A09E6B5BD004E7BCD /* QuickTime.framework */,
			);
			name = "External Frameworks and Libraries";
			sourceTree = "<group>";
		};
		84F30CCB08FEAA8C0087E26C /* Products */ = {
			isa = PBXGroup;
			children = (
				84F30CCF08FEAA8C0087E26C /* libjucedebug.a */,
			);
			name = Products;
			sourceTree = "<group>";
		};
		95283B480B6CF8D80058BA3F /* src */ = {
			isa = PBXGroup;
			children = (
				95283B490B6CF8D80058BA3F /* about.c */,
				95283B4A0B6CF8D80058BA3F /* AmplitudeToPhase.cpp */,
				95283B4B0B6CF8D80058BA3F /* AmplitudeToPhase.h */,
				95283B4C0B6CF8D80058BA3F /* analysett.c */,
				95283B4D0B6CF8D80058BA3F /* ApplicationStartup.cpp */,
				95283B4E0B6CF8D80058BA3F /* AppSettings.h */,
				95283B4F0B6CF8D80058BA3F /* BlockSwap.cpp */,
				95283B500B6CF8D80058BA3F /* BlockSwap.h */,
				95283B510B6CF8D80058BA3F /* c_interface.c */,
				95283B520B6CF8D80058BA3F /* c_interface.h */,
				95283B530B6CF8D80058BA3F /* CombSplit.cpp */,
				95283B540B6CF8D80058BA3F /* CombSplit.h */,
				95283B550B6CF8D80058BA3F /* crossover.c */,
				95283B560B6CF8D80058BA3F /* DasButtons.cpp */,
				95283B570B6CF8D80058BA3F /* DasButtons.h */,
				95283B580B6CF8D80058BA3F /* DasTabbedComponent.h */,
				95283B590B6CF8D80058BA3F /* DerivativeAmp.cpp */,
				95283B5A0B6CF8D80058BA3F /* DerivativeAmp.h */,
				95283B5B0B6CF8D80058BA3F /* dummyplay.c */,
				95283B5C0B6CF8D80058BA3F /* fft.c */,
				95283B5D0B6CF8D80058BA3F /* Filter.cpp */,
				95283B5E0B6CF8D80058BA3F /* Filter.h */,
				95283B5F0B6CF8D80058BA3F /* Gain.cpp */,
				95283B600B6CF8D80058BA3F /* Gain.h */,
				95283B610B6CF8D80058BA3F /* globals.c */,
				95283B620B6CF8D80058BA3F /* GraphComponent.h */,
				95283B630B6CF8D80058BA3F /* gui.cpp */,
				95283B640B6CF8D80058BA3F /* gui.h */,
				95283B650B6CF8D80058BA3F /* Interface.cpp */,
				95283B660B6CF8D80058BA3F /* Interface.h */,
				95283B670B6CF8D80058BA3F /* Invert.cpp */,
				95283B680B6CF8D80058BA3F /* Invert.h */,
				95283B690B6CF8D80058BA3F /* jackplay.c */,
				95283B6A0B6CF8D80058BA3F /* jackplay.h */,
				95283B6B0B6CF8D80058BA3F /* juceplay.cpp */,
				95283B6C0B6CF8D80058BA3F /* juceplay.h */,
				95283B6D0B6CF8D80058BA3F /* KeepPeaks.cpp */,
				95283B6E0B6CF8D80058BA3F /* KeepPeaks.h */,
				95283B6F0B6CF8D80058BA3F /* load.c */,
				95283B700B6CF8D80058BA3F /* loadmult.c */,
				95283B710B6CF8D80058BA3F /* MainAppWindow.cpp */,
				95283B720B6CF8D80058BA3F /* MainAppWindow.h */,
				95283B730B6CF8D80058BA3F /* MainComponent.h */,
				95283B740B6CF8D80058BA3F /* MainHeader.h */,
				95283B780B6CF8D80058BA3F /* mammut.h */,
				95283B790B6CF8D80058BA3F /* Mirror.cpp */,
				95283B7A0B6CF8D80058BA3F /* Mirror.h */,
				95283B7B0B6CF8D80058BA3F /* MultiplyPhase.cpp */,
				95283B7C0B6CF8D80058BA3F /* MultiplyPhase.h */,
				95283B7D0B6CF8D80058BA3F /* mysndfile.h */,
				95283B7E0B6CF8D80058BA3F /* phaseswap.c */,
				95283B7F0B6CF8D80058BA3F /* PictureHolder.cpp */,
				95283B800B6CF8D80058BA3F /* PictureHolder.h */,
				95283B810B6CF8D80058BA3F /* Progressbar.cpp */,
				95283B820B6CF8D80058BA3F /* save.c */,
				95283B840B6CF8D80058BA3F /* soundholder.h */,
				95283B850B6CF8D80058BA3F /* SpectrumShift.cpp */,
				95283B860B6CF8D80058BA3F /* SpectrumShift.h */,
				95283B870B6CF8D80058BA3F /* SplitRealImag.cpp */,
				95283B880B6CF8D80058BA3F /* SplitRealImag.h */,
				95283B890B6CF8D80058BA3F /* Stereo.cpp */,
				95283B8A0B6CF8D80058BA3F /* Stereo.h */,
				95283B8B0B6CF8D80058BA3F /* Stretch.cpp */,
				95283B8C0B6CF8D80058BA3F /* Stretch.h */,
				95283B8D0B6CF8D80058BA3F /* tempfile.cpp */,
				95283B8E0B6CF8D80058BA3F /* tempfile.h */,
				95283B8F0B6CF8D80058BA3F /* Threshold.cpp */,
				95283B900B6CF8D80058BA3F /* Threshold.h */,
				95283B910B6CF8D80058BA3F /* transform */,
				95283BA20B6CF8D80058BA3F /* transformheader.h */,
				95283BA30B6CF8D80058BA3F /* undo.c */,
				95283BA40B6CF8D80058BA3F /* undo.h */,
				95283BA50B6CF8D80058BA3F /* Wobble.cpp */,
				95283BA60B6CF8D80058BA3F /* Wobble.h */,
				95283BA70B6CF8D80058BA3F /* Zoom.cpp */,
				95283BA80B6CF8D80058BA3F /* Zoom.h */,
			);
			name = src;
			path = ../src;
			sourceTree = SOURCE_ROOT;
		};
		95283B910B6CF8D80058BA3F /* transform */ = {
			isa = PBXGroup;
			children = (
				95283B920B6CF8D80058BA3F /* mammut.h */,
				95283B930B6CF8D80058BA3F /* t_ampphas.c */,
				95283B940B6CF8D80058BA3F /* t_blockmov.c */,
				95283B950B6CF8D80058BA3F /* t_combsplit.c */,
				95283B960B6CF8D80058BA3F /* t_filter.c */,
				95283B970B6CF8D80058BA3F /* t_gain.c */,
				95283B980B6CF8D80058BA3F /* t_invert.c */,
				95283B990B6CF8D80058BA3F /* t_mirror.c */,
				95283B9A0B6CF8D80058BA3F /* t_pderiv.c */,
				95283B9B0B6CF8D80058BA3F /* t_peaks.c */,
				95283B9C0B6CF8D80058BA3F /* t_phadd.c */,
				95283B9D0B6CF8D80058BA3F /* t_reimsplit.c */,
				95283B9E0B6CF8D80058BA3F /* t_sshift.c */,
				95283B9F0B6CF8D80058BA3F /* t_stretch.c */,
				95283BA00B6CF8D80058BA3F /* t_threshold.c */,
				95283BA10B6CF8D80058BA3F /* t_wobble.c */,
			);
			path = transform;
			sourceTree = "<group>";
		};
/* End PBXGroup section */

/* Begin PBXNativeTarget section */
		8D0C4E890486CD37000505A6 /* mammut */ = {
			isa = PBXNativeTarget;
			buildConfigurationList = 84F30CBF08FEAA620087E26C /* Build configuration list for PBXNativeTarget "mammut" */;
			buildPhases = (
				8D0C4E8C0486CD37000505A6 /* Resources */,
				8D0C4E8F0486CD37000505A6 /* Sources */,
				8D0C4E910486CD37000505A6 /* Frameworks */,
			);
			buildRules = (
			);
			dependencies = (
				84F30CE808FEAB690087E26C /* PBXTargetDependency */,
			);
			name = mammut;
			productInstallPath = "$(HOME)/Applications";
			productName = juce_application;
			productReference = 8D0C4E970486CD37000505A6 /* mammut.app */;
			productType = "com.apple.product-type.application";
		};
/* End PBXNativeTarget section */

/* Begin PBXProject section */
		20286C28FDCF999611CA2CEA /* Project object */ = {
			isa = PBXProject;
			buildConfigurationList = 84F30CC308FEAA620087E26C /* Build configuration list for PBXProject "mammut" */;
			hasScannedForEncodings = 1;
			mainGroup = 20286C29FDCF999611CA2CEA /* mammut */;
			projectDirPath = "";
			projectReferences = (
				{
					ProductGroup = 84F30CCB08FEAA8C0087E26C /* Products */;
					ProjectRef = 84F30CCA08FEAA8C0087E26C /* Juce.xcodeproj */;
				},
			);
			targets = (
				8D0C4E890486CD37000505A6 /* mammut */,
			);
		};
/* End PBXProject section */

/* Begin PBXReferenceProxy section */
		84F30CCF08FEAA8C0087E26C /* libjucedebug.a */ = {
			isa = PBXReferenceProxy;
			fileType = archive.ar;
			path = libjucedebug.a;
			remoteRef = 84F30CCE08FEAA8C0087E26C /* PBXContainerItemProxy */;
			sourceTree = BUILT_PRODUCTS_DIR;
		};
/* End PBXReferenceProxy section */

/* Begin PBXResourcesBuildPhase section */
		8D0C4E8C0486CD37000505A6 /* Resources */ = {
			isa = PBXResourcesBuildPhase;
			buildActionMask = 2147483647;
			files = (
				8D0C4E8D0486CD37000505A6 /* InfoPlist.strings in Resources */,
			);
			runOnlyForDeploymentPostprocessing = 0;
		};
/* End PBXResourcesBuildPhase section */

/* Begin PBXSourcesBuildPhase section */
		8D0C4E8F0486CD37000505A6 /* Sources */ = {
			isa = PBXSourcesBuildPhase;
			buildActionMask = 2147483647;
			files = (
				95283BA90B6CF8D80058BA3F /* about.c in Sources */,
				95283BAA0B6CF8D80058BA3F /* AmplitudeToPhase.cpp in Sources */,
				95283BAB0B6CF8D80058BA3F /* analysett.c in Sources */,
				95283BAC0B6CF8D80058BA3F /* ApplicationStartup.cpp in Sources */,
				95283BAD0B6CF8D80058BA3F /* BlockSwap.cpp in Sources */,
				95283BAE0B6CF8D80058BA3F /* c_interface.c in Sources */,
				95283BAF0B6CF8D80058BA3F /* CombSplit.cpp in Sources */,
				95283BB00B6CF8D80058BA3F /* crossover.c in Sources */,
				95283BB10B6CF8D80058BA3F /* DasButtons.cpp in Sources */,
				95283BB20B6CF8D80058BA3F /* DerivativeAmp.cpp in Sources */,
				95283BB30B6CF8D80058BA3F /* dummyplay.c in Sources */,
				95283BB40B6CF8D80058BA3F /* fft.c in Sources */,
				95283BB50B6CF8D80058BA3F /* Filter.cpp in Sources */,
				95283BB60B6CF8D80058BA3F /* Gain.cpp in Sources */,
				95283BB70B6CF8D80058BA3F /* globals.c in Sources */,
				95283BB80B6CF8D80058BA3F /* gui.cpp in Sources */,
				95283BB90B6CF8D80058BA3F /* Interface.cpp in Sources */,
				95283BBA0B6CF8D80058BA3F /* Invert.cpp in Sources */,
				95283BBB0B6CF8D80058BA3F /* jackplay.c in Sources */,
				95283BBC0B6CF8D80058BA3F /* juceplay.cpp in Sources */,
				95283BBD0B6CF8D80058BA3F /* KeepPeaks.cpp in Sources */,
				95283BBE0B6CF8D80058BA3F /* load.c in Sources */,
				95283BBF0B6CF8D80058BA3F /* loadmult.c in Sources */,
				95283BC00B6CF8D80058BA3F /* MainAppWindow.cpp in Sources */,
				95283BC40B6CF8D80058BA3F /* Mirror.cpp in Sources */,
				95283BC50B6CF8D80058BA3F /* MultiplyPhase.cpp in Sources */,
				95283BC60B6CF8D80058BA3F /* phaseswap.c in Sources */,
				95283BC70B6CF8D80058BA3F /* PictureHolder.cpp in Sources */,
				95283BC80B6CF8D80058BA3F /* Progressbar.cpp in Sources */,
				95283BC90B6CF8D80058BA3F /* save.c in Sources */,
				95283BCB0B6CF8D80058BA3F /* SpectrumShift.cpp in Sources */,
				95283BCC0B6CF8D80058BA3F /* SplitRealImag.cpp in Sources */,
				95283BCD0B6CF8D80058BA3F /* Stereo.cpp in Sources */,
				95283BCE0B6CF8D80058BA3F /* Stretch.cpp in Sources */,
				95283BCF0B6CF8D80058BA3F /* tempfile.cpp in Sources */,
				95283BD00B6CF8D80058BA3F /* Threshold.cpp in Sources */,
				95283BD10B6CF8D80058BA3F /* t_ampphas.c in Sources */,
				95283BD20B6CF8D80058BA3F /* t_blockmov.c in Sources */,
				95283BD30B6CF8D80058BA3F /* t_combsplit.c in Sources */,
				95283BD40B6CF8D80058BA3F /* t_filter.c in Sources */,
				95283BD50B6CF8D80058BA3F /* t_gain.c in Sources */,
				95283BD60B6CF8D80058BA3F /* t_invert.c in Sources */,
				95283BD70B6CF8D80058BA3F /* t_mirror.c in Sources */,
				95283BD80B6CF8D80058BA3F /* t_pderiv.c in Sources */,
				95283BD90B6CF8D80058BA3F /* t_peaks.c in Sources */,
				95283BDA0B6CF8D80058BA3F /* t_phadd.c in Sources */,
				95283BDB0B6CF8D80058BA3F /* t_reimsplit.c in Sources */,
				95283BDC0B6CF8D80058BA3F /* t_sshift.c in Sources */,
				95283BDD0B6CF8D80058BA3F /* t_stretch.c in Sources */,
				95283BDE0B6CF8D80058BA3F /* t_threshold.c in Sources */,
				95283BDF0B6CF8D80058BA3F /* t_wobble.c in Sources */,
				95283BE00B6CF8D80058BA3F /* undo.c in Sources */,
				95283BE10B6CF8D80058BA3F /* Wobble.cpp in Sources */,
				95283BE20B6CF8D80058BA3F /* Zoom.cpp in Sources */,
			);
			runOnlyForDeploymentPostprocessing = 0;
		};
/* End PBXSourcesBuildPhase section */

/* Begin PBXTargetDependency section */
		84F30CE808FEAB690087E26C /* PBXTargetDependency */ = {
			isa = PBXTargetDependency;
			name = Juce;
			targetProxy = 84F30CE708FEAB690087E26C /* PBXContainerItemProxy */;
		};
/* End PBXTargetDependency section */

/* Begin PBXVariantGroup section */
		0867D6AAFE840B52C02AAC07 /* InfoPlist.strings */ = {
			isa = PBXVariantGroup;
			children = (
				0867D6ABFE840B52C02AAC07 /* English */,
			);
			name = InfoPlist.strings;
			sourceTree = "<group>";
		};
/* End PBXVariantGroup section */

/* Begin XCBuildConfiguration section */
		84F30CC008FEAA620087E26C /* Debug */ = {
			isa = XCBuildConfiguration;
			buildSettings = {
				COPY_PHASE_STRIP = NO;
				GCC_DYNAMIC_NO_PIC = NO;
				GCC_ENABLE_FIX_AND_CONTINUE = YES;
				GCC_GENERATE_DEBUGGING_SYMBOLS = YES;
				GCC_OPTIMIZATION_LEVEL = 0;
				GCC_WARN_ABOUT_RETURN_TYPE = YES;
				GCC_WARN_UNUSED_VARIABLE = YES;
				INFOPLIST_FILE = Info.plist;
				INSTALL_PATH = "$(HOME)/Applications";
				LIBRARY_SEARCH_PATHS = (
					../../juce/bin,
					"$(LIBRARY_SEARCH_PATHS_QUOTED_1)",
					"$(LIBRARY_SEARCH_PATHS_QUOTED_2)",
					"$(LIBRARY_SEARCH_PATHS_QUOTED_3)",
					"$(LIBRARY_SEARCH_PATHS_QUOTED_4)",
					/sw/lib,
				);
				LIBRARY_SEARCH_PATHS_QUOTED_1 = "\"$(SRCROOT)/src/bu\"";
				LIBRARY_SEARCH_PATHS_QUOTED_2 = "\"$(SRCROOT)/libsamplerate-0.1.2/src/.libs\"";
				LIBRARY_SEARCH_PATHS_QUOTED_3 = "\"$(SRCROOT)/src\"";
				LIBRARY_SEARCH_PATHS_QUOTED_4 = "\"$(SRCROOT)/../../../libsamplerate-0.1.2/src/.libs\"";
				PREBINDING = NO;
				PRODUCT_NAME = mammut;
				WRAPPER_EXTENSION = app;
			};
			name = Debug;
		};
		84F30CC108FEAA620087E26C /* Release */ = {
			isa = XCBuildConfiguration;
			buildSettings = {
				COPY_PHASE_STRIP = YES;
				GCC_ENABLE_FIX_AND_CONTINUE = NO;
				GCC_GENERATE_DEBUGGING_SYMBOLS = NO;
				GCC_WARN_ABOUT_RETURN_TYPE = YES;
				GCC_WARN_UNUSED_VARIABLE = YES;
				INFOPLIST_FILE = Info.plist;
				INSTALL_PATH = "$(HOME)/Applications";
				LIBRARY_SEARCH_PATHS = (
					/bin,
					"$(LIBRARY_SEARCH_PATHS_QUOTED_1)",
					"$(LIBRARY_SEARCH_PATHS_QUOTED_2)",
					"$(LIBRARY_SEARCH_PATHS_QUOTED_3)",
					"$(LIBRARY_SEARCH_PATHS_QUOTED_4)",
					/sw/lib,
				);
				LIBRARY_SEARCH_PATHS_QUOTED_1 = "\"$(SRCROOT)/src/bu\"";
				LIBRARY_SEARCH_PATHS_QUOTED_2 = "\"$(SRCROOT)/src/libsamplerate-0.1.2/src/.libs\"";
				LIBRARY_SEARCH_PATHS_QUOTED_3 = "\"$(SRCROOT)/src\"";
				LIBRARY_SEARCH_PATHS_QUOTED_4 = "\"$(SRCROOT)/../../../libsamplerate-0.1.2/src/.libs\"";
				PREBINDING = NO;
				PRODUCT_NAME = mammut;
				WRAPPER_EXTENSION = app;
				ZERO_LINK = NO;
			};
			name = Release;
		};
		84F30CC408FEAA620087E26C /* Debug */ = {
			isa = XCBuildConfiguration;
			buildSettings = {
				ARCHS = i386;
				GCC_PREPROCESSOR_DEFINITIONS = (
					"$(inherited)",
					"$(GCC_PREPROCESSOR_DEFINITIONS_QUOTED_1)",
					NOBACKGROUNDSOUND,
				);
				GCC_PREPROCESSOR_DEFINITIONS_QUOTED_1 = "TEMPDIR=\\\"/tmp\\\"";
			};
			name = Debug;
		};
		84F30CC508FEAA620087E26C /* Release */ = {
			isa = XCBuildConfiguration;
			buildSettings = {
				ARCHS = i386;
				GCC_PREPROCESSOR_DEFINITIONS = (
					"$(inherited)",
					"$(GCC_PREPROCESSOR_DEFINITIONS_QUOTED_1)",
					NOBACKGROUNDSOUND,
				);
				GCC_PREPROCESSOR_DEFINITIONS_QUOTED_1 = "TEMPDIR=\\\"/tmp\\\"";
			};
			name = Release;
		};
/* End XCBuildConfiguration section */

/* Begin XCConfigurationList section */
		84F30CBF08FEAA620087E26C /* Build configuration list for PBXNativeTarget "mammut" */ = {
			isa = XCConfigurationList;
			buildConfigurations = (
				84F30CC008FEAA620087E26C /* Debug */,
				84F30CC108FEAA620087E26C /* Release */,
			);
			defaultConfigurationIsVisible = 0;
			defaultConfigurationName = Debug;
		};
		84F30CC308FEAA620087E26C /* Build configuration list for PBXProject "mammut" */ = {
			isa = XCConfigurationList;
			buildConfigurations = (
				84F30CC408FEAA620087E26C /* Debug */,
				84F30CC508FEAA620087E26C /* Release */,
			);
			defaultConfigurationIsVisible = 0;
			defaultConfigurationName = Debug;
		};
/* End XCConfigurationList section */
	};
	rootObject = 20286C28FDCF999611CA2CEA /* Project object */;
}
